
Microsoft Visual Studio Solution File, Format Version 12.00
# Visual Studio Version 16
VisualStudioVersion = 16.0.31729.503
MinimumVisualStudioVersion = 10.0.40219.1
Project("{FAE04EC0-301F-11D3-BF4B-00C04F79EFBC}") = "WindowsFormsApp1", "WindowsFormsApp1\WindowsFormsApp1.csproj", "{813B4591-7ED2-474F-A729-C519913B2A01}"
EndProject
Global
	GlobalSection(SolutionConfigurationPlatforms) = preSolution
		Debug|Any CPU = Debug|Any CPU
		Release|Any CPU = Release|Any CPU
	EndGlobalSection
	GlobalSection(ProjectConfigurationPlatforms) = postSolution
		{813B4591-7ED2-474F-A729-C519913B2A01}.Debug|Any CPU.ActiveCfg = Debug|Any CPU
		{813B4591-7ED2-474F-A729-C519913B2A01}.Debug|Any CPU.Build.0 = Debug|Any CPU
		{813B4591-7ED2-474F-A729-C519913B2A01}.Release|Any CPU.ActiveCfg = Release|Any CPU
		{813B4591-7ED2-474F-A729-C519913B2A01}.Release|Any CPU.Build.0 = Release|Any CPU
	EndGlobalSection
	GlobalSection(SolutionProperties) = preSolution
		HideSolutionNode = FALSE
	EndGlobalSection
	GlobalSection(ExtensibilityGlobals) = postSolution
		SolutionGuid = {68D50934-25E5-4DA4-BC6B-FCF9C1DF9AFB}
	EndGlobalSection
EndGlobal
